
Microsoft Visual Studio Solution File, Format Version 12.00
# Visual Studio Version 17
VisualStudioVersion = 17.1.32104.313
MinimumVisualStudioVersion = 10.0.40219.1
Project("{FAE04EC0-301F-11D3-BF4B-00C04F79EFBC}") = "HttpHeaderTest", "HttpHeaderTest\HttpHeaderTest.csproj", "{4F053110-DFE5-4DF3-9526-BF363C1EB156}"
EndProject
Project("{FAE04EC0-301F-11D3-BF4B-00C04F79EFBC}") = "UILayer", "UILayer\UILayer.csproj", "{A81D9DA8-82B9-498F-A0C9-8AB79C5D118C}"
EndProject
Global
	GlobalSection(SolutionConfigurationPlatforms) = preSolution
		Debug|Any CPU = Debug|Any CPU
		Release|Any CPU = Release|Any CPU
	EndGlobalSection
	GlobalSection(ProjectConfigurationPlatforms) = postSolution
		{4F053110-DFE5-4DF3-9526-BF363C1EB156}.Debug|Any CPU.ActiveCfg = Debug|Any CPU
		{4F053110-DFE5-4DF3-9526-BF363C1EB156}.Debug|Any CPU.Build.0 = Debug|Any CPU
		{4F053110-DFE5-4DF3-9526-BF363C1EB156}.Release|Any CPU.ActiveCfg = Release|Any CPU
		{4F053110-DFE5-4DF3-9526-BF363C1EB156}.Release|Any CPU.Build.0 = Release|Any CPU
		{A81D9DA8-82B9-498F-A0C9-8AB79C5D118C}.Debug|Any CPU.ActiveCfg = Debug|Any CPU
		{A81D9DA8-82B9-498F-A0C9-8AB79C5D118C}.Debug|Any CPU.Build.0 = Debug|Any CPU
		{A81D9DA8-82B9-498F-A0C9-8AB79C5D118C}.Release|Any CPU.ActiveCfg = Release|Any CPU
		{A81D9DA8-82B9-498F-A0C9-8AB79C5D118C}.Release|Any CPU.Build.0 = Release|Any CPU
	EndGlobalSection
	GlobalSection(SolutionProperties) = preSolution
		HideSolutionNode = FALSE
	EndGlobalSection
	GlobalSection(ExtensibilityGlobals) = postSolution
		SolutionGuid = {0E9DFA84-3AC6-4AC1-A26F-0DD0BA29202B}
	EndGlobalSection
EndGlobal
